
Microsoft Visual Studio Solution File, Format Version 12.00
# Visual Studio Version 17
VisualStudioVersion = 17.3.32901.215
MinimumVisualStudioVersion = 10.0.40219.1
Project("{FAE04EC0-301F-11D3-BF4B-00C04F79EFBC}") = "bytebank", "bytebank\bytebank.csproj", "{76F7E2D3-842A-42FA-BCF3-291D02C4A968}"
EndProject
Global
	GlobalSection(SolutionConfigurationPlatforms) = preSolution
		Debug|Any CPU = Debug|Any CPU
		Release|Any CPU = Release|Any CPU
	EndGlobalSection
	GlobalSection(ProjectConfigurationPlatforms) = postSolution
		{76F7E2D3-842A-42FA-BCF3-291D02C4A968}.Debug|Any CPU.ActiveCfg = Debug|Any CPU
		{76F7E2D3-842A-42FA-BCF3-291D02C4A968}.Debug|Any CPU.Build.0 = Debug|Any CPU
		{76F7E2D3-842A-42FA-BCF3-291D02C4A968}.Release|Any CPU.ActiveCfg = Release|Any CPU
		{76F7E2D3-842A-42FA-BCF3-291D02C4A968}.Release|Any CPU.Build.0 = Release|Any CPU
	EndGlobalSection
	GlobalSection(SolutionProperties) = preSolution
		HideSolutionNode = FALSE
	EndGlobalSection
	GlobalSection(ExtensibilityGlobals) = postSolution
		SolutionGuid = {6841846B-3997-4E30-A2A4-A7E681A5482B}
	EndGlobalSection
EndGlobal
